{
  "name": "02typescript",
  "version": "1.0.0",
  "lockfileVersion": 2,
  "requires": true,
  "packages": {
    "": {
      "name": "02typescript",
      "version": "1.0.0",
      "license": "ISC",
      "dependencies": {
        "flow-bin": "^0.180.0"
      }
    },
    "node_modules/flow-bin": {
      "version": "0.180.0",
      "resolved": "https://mirrors.cloud.tencent.com/npm/flow-bin/-/flow-bin-0.180.0.tgz",
      "integrity": "sha512-jEZoIwOxzrtQ0erUu94nEzlqUoX7OAMeVs0CjO0rN6b7SDBhI5IysVRvGSQkkFWBJpy5VQ9lvzBYzq5Sq9vcmg==",
      "license": "MIT",
      "bin": {
        "flow": "cli.js"
      },
      "engines": {
        "node": ">=0.10.0"
      }
    }
  },
  "dependencies": {
    "flow-bin": {
      "version": "0.180.0",
      "resolved": "https://mirrors.cloud.tencent.com/npm/flow-bin/-/flow-bin-0.180.0.tgz",
      "integrity": "sha512-jEZoIwOxzrtQ0erUu94nEzlqUoX7OAMeVs0CjO0rN6b7SDBhI5IysVRvGSQkkFWBJpy5VQ9lvzBYzq5Sq9vcmg=="
    }
  }
}
