# THIS IS AN AUTOGENERATED FILE. DO NOT EDIT THIS FILE DIRECTLY.
# yarn lockfile v1


"@types/lodash@^4.14.182":
  "integrity" "sha512-/THyiqyQAP9AfARo4pF+aCGcyiQ94tX/Is2I7HofNRqoYLgN1PBoOWu2/zTA5zMxzP5EFutMtWtGAFRKUe961Q=="
  "resolved" "https://mirrors.cloud.tencent.com/npm/@types%2flodash/-/lodash-4.14.182.tgz"
  "version" "4.14.182"

"loadash@^1.0.0":
  "integrity" "sha512-xlX5HBsXB3KG0FJbJJG/3kYWCfsCyCSus3T+uHVu6QL6YxAdggmm3QeyLgn54N2yi5/UE6xxL5ZWJAAiHzHYEg=="
  "resolved" "https://mirrors.cloud.tencent.com/npm/loadash/-/loadash-1.0.0.tgz"
  "version" "1.0.0"

"lodash@^4.17.21":
  "integrity" "sha512-v2kDEe57lecTulaDIuNTPy3Ry4gLGJ6Z1O3vE1krgXZNrsQ+LFTGHVxVjcXPs17LhbZVGedAJv8XZ1tvj5FvSg=="
  "resolved" "https://mirrors.cloud.tencent.com/npm/lodash/-/lodash-4.17.21.tgz"
  "version" "4.17.21"

"typescript@^4.7.4":
  "integrity" "sha512-C0WQT0gezHuw6AdY1M2jxUO83Rjf0HP7Sk1DtXj6j1EwkQNZrHAg2XPWlq62oqEhYvONq5pkC2Y9oPljWToLmQ=="
  "resolved" "https://mirrors.cloud.tencent.com/npm/typescript/-/typescript-4.7.4.tgz"
  "version" "4.7.4"
